// !$*UTF8*$!
{
	archiveVersion = 1;
	classes = {
	};
	objectVersion = 56;
	objects = {

/* Begin PBXBuildFile section */
		ABD938D22AE677FE00C4F1D4 /* AppDelegate.swift in Sources */ = {isa = PBXBuildFile; fileRef = ABD938D12AE677FE00C4F1D4 /* AppDelegate.swift */; };
		ABD938D42AE677FE00C4F1D4 /* SceneDelegate.swift in Sources */ = {isa = PBXBuildFile; fileRef = ABD938D32AE677FE00C4F1D4 /* SceneDelegate.swift */; };
		ABD938D62AE677FE00C4F1D4 /* ViewController.swift in Sources */ = {isa = PBXBuildFile; fileRef = ABD938D52AE677FE00C4F1D4 /* ViewController.swift */; };
		ABD938D92AE677FE00C4F1D4 /* Main.storyboard in Resources */ = {isa = PBXBuildFile; fileRef = ABD938D72AE677FE00C4F1D4 /* Main.storyboard */; };
		ABD938DB2AE677FF00C4F1D4 /* Assets.xcassets in Resources */ = {isa = PBXBuildFile; fileRef = ABD938DA2AE677FF00C4F1D4 /* Assets.xcassets */; };
		ABD938DE2AE677FF00C4F1D4 /* LaunchScreen.storyboard in Resources */ = {isa = PBXBuildFile; fileRef = ABD938DC2AE677FF00C4F1D4 /* LaunchScreen.storyboard */; };
		ABD939092AE67F0E00C4F1D4 /* C#3.mp3 in Resources */ = {isa = PBXBuildFile; fileRef = ABD939002AE67F0E00C4F1D4 /* C#3.mp3 */; };
		ABD9390B2AE67F0E00C4F1D4 /* D#3.mp3 in Resources */ = {isa = PBXBuildFile; fileRef = ABD939022AE67F0E00C4F1D4 /* D#3.mp3 */; };
		ABD939122AE67F5F00C4F1D4 /* C3.mp3 in Resources */ = {isa = PBXBuildFile; fileRef = ABD939112AE67F5F00C4F1D4 /* C3.mp3 */; };
		ABD939142AE680C700C4F1D4 /* D3.mp3 in Resources */ = {isa = PBXBuildFile; fileRef = ABD939132AE680C700C4F1D4 /* D3.mp3 */; };
		ABD939162AE680CF00C4F1D4 /* E3.mp3 in Resources */ = {isa = PBXBuildFile; fileRef = ABD939152AE680CF00C4F1D4 /* E3.mp3 */; };
		ABD939182AE680DA00C4F1D4 /* F3.mp3 in Resources */ = {isa = PBXBuildFile; fileRef = ABD939172AE680DA00C4F1D4 /* F3.mp3 */; };
/* End PBXBuildFile section */

/* Begin PBXFileReference section */
		ABD938CE2AE677FE00C4F1D4 /* PianoApp3.app */ = {isa = PBXFileReference; explicitFileType = wrapper.application; includeInIndex = 0; path = PianoApp3.app; sourceTree = BUILT_PRODUCTS_DIR; };
		ABD938D12AE677FE00C4F1D4 /* AppDelegate.swift */ = {isa = PBXFileReference; lastKnownFileType = sourcecode.swift; path = AppDelegate.swift; sourceTree = "<group>"; };
		ABD938D32AE677FE00C4F1D4 /* SceneDelegate.swift */ = {isa = PBXFileReference; lastKnownFileType = sourcecode.swift; path = SceneDelegate.swift; sourceTree = "<group>"; };
		ABD938D52AE677FE00C4F1D4 /* ViewController.swift */ = {isa = PBXFileReference; lastKnownFileType = sourcecode.swift; path = ViewController.swift; sourceTree = "<group>"; };
		ABD938D82AE677FE00C4F1D4 /* Base */ = {isa = PBXFileReference; lastKnownFileType = file.storyboard; name = Base; path = Base.lproj/Main.storyboard; sourceTree = "<group>"; };
		ABD938DA2AE677FF00C4F1D4 /* Assets.xcassets */ = {isa = PBXFileReference; lastKnownFileType = folder.assetcatalog; path = Assets.xcassets; sourceTree = "<group>"; };
		ABD938DD2AE677FF00C4F1D4 /* Base */ = {isa = PBXFileReference; lastKnownFileType = file.storyboard; name = Base; path = Base.lproj/LaunchScreen.storyboard; sourceTree = "<group>"; };
		ABD938DF2AE677FF00C4F1D4 /* Info.plist */ = {isa = PBXFileReference; lastKnownFileType = text.plist.xml; path = Info.plist; sourceTree = "<group>"; };
		ABD939002AE67F0E00C4F1D4 /* C#3.mp3 */ = {isa = PBXFileReference; lastKnownFileType = audio.mp3; path = "C#3.mp3"; sourceTree = "<group>"; };
		ABD939022AE67F0E00C4F1D4 /* D#3.mp3 */ = {isa = PBXFileReference; lastKnownFileType = audio.mp3; path = "D#3.mp3"; sourceTree = "<group>"; };
		ABD939112AE67F5F00C4F1D4 /* C3.mp3 */ = {isa = PBXFileReference; lastKnownFileType = audio.mp3; path = C3.mp3; sourceTree = "<group>"; };
		ABD939132AE680C700C4F1D4 /* D3.mp3 */ = {isa = PBXFileReference; lastKnownFileType = audio.mp3; path = D3.mp3; sourceTree = "<group>"; };
		ABD939152AE680CF00C4F1D4 /* E3.mp3 */ = {isa = PBXFileReference; lastKnownFileType = audio.mp3; path = E3.mp3; sourceTree = "<group>"; };
		ABD939172AE680DA00C4F1D4 /* F3.mp3 */ = {isa = PBXFileReference; lastKnownFileType = audio.mp3; path = F3.mp3; sourceTree = "<group>"; };
/* End PBXFileReference section */

/* Begin PBXFrameworksBuildPhase section */
		ABD938CB2AE677FE00C4F1D4 /* Frameworks */ = {
			isa = PBXFrameworksBuildPhase;
			buildActionMask = 2147483647;
			files = (
			);
			runOnlyForDeploymentPostprocessing = 0;
		};
/* End PBXFrameworksBuildPhase section */

/* Begin PBXGroup section */
		ABD938C52AE677FE00C4F1D4 = {
			isa = PBXGroup;
			children = (
				ABD938D02AE677FE00C4F1D4 /* PianoApp3 */,
				ABD938CF2AE677FE00C4F1D4 /* Products */,
			);
			sourceTree = "<group>";
		};
		ABD938CF2AE677FE00C4F1D4 /* Products */ = {
			isa = PBXGroup;
			children = (
				ABD938CE2AE677FE00C4F1D4 /* PianoApp3.app */,
			);
			name = Products;
			sourceTree = "<group>";
		};
		ABD938D02AE677FE00C4F1D4 /* PianoApp3 */ = {
			isa = PBXGroup;
			children = (
				ABD938D12AE677FE00C4F1D4 /* AppDelegate.swift */,
				ABD938D32AE677FE00C4F1D4 /* SceneDelegate.swift */,
				ABD938D52AE677FE00C4F1D4 /* ViewController.swift */,
				ABD938D72AE677FE00C4F1D4 /* Main.storyboard */,
				ABD938DA2AE677FF00C4F1D4 /* Assets.xcassets */,
				ABD938DC2AE677FF00C4F1D4 /* LaunchScreen.storyboard */,
				ABD938DF2AE677FF00C4F1D4 /* Info.plist */,
				ABD939112AE67F5F00C4F1D4 /* C3.mp3 */,
				ABD939002AE67F0E00C4F1D4 /* C#3.mp3 */,
				ABD939132AE680C700C4F1D4 /* D3.mp3 */,
				ABD939022AE67F0E00C4F1D4 /* D#3.mp3 */,
				ABD939152AE680CF00C4F1D4 /* E3.mp3 */,
				ABD939172AE680DA00C4F1D4 /* F3.mp3 */,
			);
			path = PianoApp3;
			sourceTree = "<group>";
		};
/* End PBXGroup section */

/* Begin PBXNativeTarget section */
		ABD938CD2AE677FE00C4F1D4 /* PianoApp3 */ = {
			isa = PBXNativeTarget;
			buildConfigurationList = ABD938E22AE677FF00C4F1D4 /* Build configuration list for PBXNativeTarget "PianoApp3" */;
			buildPhases = (
				ABD938CA2AE677FE00C4F1D4 /* Sources */,
				ABD938CB2AE677FE00C4F1D4 /* Frameworks */,
				ABD938CC2AE677FE00C4F1D4 /* Resources */,
			);
			buildRules = (
			);
			dependencies = (
			);
			name = PianoApp3;
			productName = PianoApp3;
			productReference = ABD938CE2AE677FE00C4F1D4 /* PianoApp3.app */;
			productType = "com.apple.product-type.application";
		};
/* End PBXNativeTarget section */

/* Begin PBXProject section */
		ABD938C62AE677FE00C4F1D4 /* Project object */ = {
			isa = PBXProject;
			attributes = {
				BuildIndependentTargetsInParallel = 1;
				LastSwiftUpdateCheck = 1410;
				LastUpgradeCheck = 1410;
				TargetAttributes = {
					ABD938CD2AE677FE00C4F1D4 = {
						CreatedOnToolsVersion = 14.1;
					};
				};
			};
			buildConfigurationList = ABD938C92AE677FE00C4F1D4 /* Build configuration list for PBXProject "PianoApp3" */;
			compatibilityVersion = "Xcode 14.0";
			developmentRegion = en;
			hasScannedForEncodings = 0;
			knownRegions = (
				en,
				Base,
			);
			mainGroup = ABD938C52AE677FE00C4F1D4;
			productRefGroup = ABD938CF2AE677FE00C4F1D4 /* Products */;
			projectDirPath = "";
			projectRoot = "";
			targets = (
				ABD938CD2AE677FE00C4F1D4 /* PianoApp3 */,
			);
		};
/* End PBXProject section */

/* Begin PBXResourcesBuildPhase section */
		ABD938CC2AE677FE00C4F1D4 /* Resources */ = {
			isa = PBXResourcesBuildPhase;
			buildActionMask = 2147483647;
			files = (
				ABD939162AE680CF00C4F1D4 /* E3.mp3 in Resources */,
				ABD939122AE67F5F00C4F1D4 /* C3.mp3 in Resources */,
				ABD938DE2AE677FF00C4F1D4 /* LaunchScreen.storyboard in Resources */,
				ABD939182AE680DA00C4F1D4 /* F3.mp3 in Resources */,
				ABD938DB2AE677FF00C4F1D4 /* Assets.xcassets in Resources */,
				ABD939142AE680C700C4F1D4 /* D3.mp3 in Resources */,
				ABD939092AE67F0E00C4F1D4 /* C#3.mp3 in Resources */,
				ABD938D92AE677FE00C4F1D4 /* Main.storyboard in Resources */,
				ABD9390B2AE67F0E00C4F1D4 /* D#3.mp3 in Resources */,
			);
			runOnlyForDeploymentPostprocessing = 0;
		};
/* End PBXResourcesBuildPhase section */

/* Begin PBXSourcesBuildPhase section */
		ABD938CA2AE677FE00C4F1D4 /* Sources */ = {
			isa = PBXSourcesBuildPhase;
			buildActionMask = 2147483647;
			files = (
				ABD938D62AE677FE00C4F1D4 /* ViewController.swift in Sources */,
				ABD938D22AE677FE00C4F1D4 /* AppDelegate.swift in Sources */,
				ABD938D42AE677FE00C4F1D4 /* SceneDelegate.swift in Sources */,
			);
			runOnlyForDeploymentPostprocessing = 0;
		};
/* End PBXSourcesBuildPhase section */

/* Begin PBXVariantGroup section */
		ABD938D72AE677FE00C4F1D4 /* Main.storyboard */ = {
			isa = PBXVariantGroup;
			children = (
				ABD938D82AE677FE00C4F1D4 /* Base */,
			);
			name = Main.storyboard;
			sourceTree = "<group>";
		};
		ABD938DC2AE677FF00C4F1D4 /* LaunchScreen.storyboard */ = {
			isa = PBXVariantGroup;
			children = (
				ABD938DD2AE677FF00C4F1D4 /* Base */,
			);
			name = LaunchScreen.storyboard;
			sourceTree = "<group>";
		};
/* End PBXVariantGroup section */

/* Begin XCBuildConfiguration section */
		ABD938E02AE677FF00C4F1D4 /* Debug */ = {
			isa = XCBuildConfiguration;
			buildSettings = {
				ALWAYS_SEARCH_USER_PATHS = NO;
				CLANG_ANALYZER_NONNULL = YES;
				CLANG_ANALYZER_NUMBER_OBJECT_CONVERSION = YES_AGGRESSIVE;
				CLANG_CXX_LANGUAGE_STANDARD = "gnu++20";
				CLANG_ENABLE_MODULES = YES;
				CLANG_ENABLE_OBJC_ARC = YES;
				CLANG_ENABLE_OBJC_WEAK = YES;
				CLANG_WARN_BLOCK_CAPTURE_AUTORELEASING = YES;
				CLANG_WARN_BOOL_CONVERSION = YES;
				CLANG_WARN_COMMA = YES;
				CLANG_WARN_CONSTANT_CONVERSION = YES;
				CLANG_WARN_DEPRECATED_OBJC_IMPLEMENTATIONS = YES;
				CLANG_WARN_DIRECT_OBJC_ISA_USAGE = YES_ERROR;
				CLANG_WARN_DOCUMENTATION_COMMENTS = YES;
				CLANG_WARN_EMPTY_BODY = YES;
				CLANG_WARN_ENUM_CONVERSION = YES;
				CLANG_WARN_INFINITE_RECURSION = YES;
				CLANG_WARN_INT_CONVERSION = YES;
				CLANG_WARN_NON_LITERAL_NULL_CONVERSION = YES;
				CLANG_WARN_OBJC_IMPLICIT_RETAIN_SELF = YES;
				CLANG_WARN_OBJC_LITERAL_CONVERSION = YES;
				CLANG_WARN_OBJC_ROOT_CLASS = YES_ERROR;
				CLANG_WARN_QUOTED_INCLUDE_IN_FRAMEWORK_HEADER = YES;
				CLANG_WARN_RANGE_LOOP_ANALYSIS = YES;
				CLANG_WARN_STRICT_PROTOTYPES = YES;
				CLANG_WARN_SUSPICIOUS_MOVE = YES;
				CLANG_WARN_UNGUARDED_AVAILABILITY = YES_AGGRESSIVE;
				CLANG_WARN_UNREACHABLE_CODE = YES;
				CLANG_WARN__DUPLICATE_METHOD_MATCH = YES;
				COPY_PHASE_STRIP = NO;
				DEBUG_INFORMATION_FORMAT = dwarf;
				ENABLE_STRICT_OBJC_MSGSEND = YES;
				ENABLE_TESTABILITY = YES;
				GCC_C_LANGUAGE_STANDARD = gnu11;
				GCC_DYNAMIC_NO_PIC = NO;
				GCC_NO_COMMON_BLOCKS = YES;
				GCC_OPTIMIZATION_LEVEL = 0;
				GCC_PREPROCESSOR_DEFINITIONS = (
					"DEBUG=1",
					"$(inherited)",
				);
				GCC_WARN_64_TO_32_BIT_CONVERSION = YES;
				GCC_WARN_ABOUT_RETURN_TYPE = YES_ERROR;
				GCC_WARN_UNDECLARED_SELECTOR = YES;
				GCC_WARN_UNINITIALIZED_AUTOS = YES_AGGRESSIVE;
				GCC_WARN_UNUSED_FUNCTION = YES;
				GCC_WARN_UNUSED_VARIABLE = YES;
				IPHONEOS_DEPLOYMENT_TARGET = 16.1;
				MTL_ENABLE_DEBUG_INFO = INCLUDE_SOURCE;
				MTL_FAST_MATH = YES;
				ONLY_ACTIVE_ARCH = YES;
				SDKROOT = iphoneos;
				SWIFT_ACTIVE_COMPILATION_CONDITIONS = DEBUG;
				SWIFT_OPTIMIZATION_LEVEL = "-Onone";
			};
			name = Debug;
		};
		ABD938E12AE677FF00C4F1D4 /* Release */ = {
			isa = XCBuildConfiguration;
			buildSettings = {
				ALWAYS_SEARCH_USER_PATHS = NO;
				CLANG_ANALYZER_NONNULL = YES;
				CLANG_ANALYZER_NUMBER_OBJECT_CONVERSION = YES_AGGRESSIVE;
				CLANG_CXX_LANGUAGE_STANDARD = "gnu++20";
				CLANG_ENABLE_MODULES = YES;
				CLANG_ENABLE_OBJC_ARC = YES;
				CLANG_ENABLE_OBJC_WEAK = YES;
				CLANG_WARN_BLOCK_CAPTURE_AUTORELEASING = YES;
				CLANG_WARN_BOOL_CONVERSION = YES;
				CLANG_WARN_COMMA = YES;
				CLANG_WARN_CONSTANT_CONVERSION = YES;
				CLANG_WARN_DEPRECATED_OBJC_IMPLEMENTATIONS = YES;
				CLANG_WARN_DIRECT_OBJC_ISA_USAGE = YES_ERROR;
				CLANG_WARN_DOCUMENTATION_COMMENTS = YES;
				CLANG_WARN_EMPTY_BODY = YES;
				CLANG_WARN_ENUM_CONVERSION = YES;
				CLANG_WARN_INFINITE_RECURSION = YES;
				CLANG_WARN_INT_CONVERSION = YES;
				CLANG_WARN_NON_LITERAL_NULL_CONVERSION = YES;
				CLANG_WARN_OBJC_IMPLICIT_RETAIN_SELF = YES;
				CLANG_WARN_OBJC_LITERAL_CONVERSION = YES;
				CLANG_WARN_OBJC_ROOT_CLASS = YES_ERROR;
				CLANG_WARN_QUOTED_INCLUDE_IN_FRAMEWORK_HEADER = YES;
				CLANG_WARN_RANGE_LOOP_ANALYSIS = YES;
				CLANG_WARN_STRICT_PROTOTYPES = YES;
				CLANG_WARN_SUSPICIOUS_MOVE = YES;
				CLANG_WARN_UNGUARDED_AVAILABILITY = YES_AGGRESSIVE;
				CLANG_WARN_UNREACHABLE_CODE = YES;
				CLANG_WARN__DUPLICATE_METHOD_MATCH = YES;
				COPY_PHASE_STRIP = NO;
				DEBUG_INFORMATION_FORMAT = "dwarf-with-dsym";
				ENABLE_NS_ASSERTIONS = NO;
				ENABLE_STRICT_OBJC_MSGSEND = YES;
				GCC_C_LANGUAGE_STANDARD = gnu11;
				GCC_NO_COMMON_BLOCKS = YES;
				GCC_WARN_64_TO_32_BIT_CONVERSION = YES;
				GCC_WARN_ABOUT_RETURN_TYPE = YES_ERROR;
				GCC_WARN_UNDECLARED_SELECTOR = YES;
				GCC_WARN_UNINITIALIZED_AUTOS = YES_AGGRESSIVE;
				GCC_WARN_UNUSED_FUNCTION = YES;
				GCC_WARN_UNUSED_VARIABLE = YES;
				IPHONEOS_DEPLOYMENT_TARGET = 16.1;
				MTL_ENABLE_DEBUG_INFO = NO;
				MTL_FAST_MATH = YES;
				SDKROOT = iphoneos;
				SWIFT_COMPILATION_MODE = wholemodule;
				SWIFT_OPTIMIZATION_LEVEL = "-O";
				VALIDATE_PRODUCT = YES;
			};
			name = Release;
		};
		ABD938E32AE677FF00C4F1D4 /* Debug */ = {
			isa = XCBuildConfiguration;
			buildSettings = {
				ASSETCATALOG_COMPILER_APPICON_NAME = AppIcon;
				ASSETCATALOG_COMPILER_GLOBAL_ACCENT_COLOR_NAME = AccentColor;
				CODE_SIGN_STYLE = Automatic;
				CURRENT_PROJECT_VERSION = 1;
				DEVELOPMENT_TEAM = HJ7BA57AS7;
				GENERATE_INFOPLIST_FILE = YES;
				INFOPLIST_FILE = PianoApp3/Info.plist;
				INFOPLIST_KEY_UIApplicationSupportsIndirectInputEvents = YES;
				INFOPLIST_KEY_UILaunchStoryboardName = LaunchScreen;
				INFOPLIST_KEY_UIMainStoryboardFile = Main;
				INFOPLIST_KEY_UISupportedInterfaceOrientations = "UIInterfaceOrientationLandscapeLeft UIInterfaceOrientationLandscapeRight";
				LD_RUNPATH_SEARCH_PATHS = (
					"$(inherited)",
					"@executable_path/Frameworks",
				);
				MARKETING_VERSION = 1.0;
				PRODUCT_BUNDLE_IDENTIFIER = jp.techacademy.jou.oonishi.PianoApp3;
				PRODUCT_NAME = "$(TARGET_NAME)";
				SUPPORTED_PLATFORMS = "iphoneos iphonesimulator";
				SUPPORTS_MACCATALYST = NO;
				SUPPORTS_MAC_DESIGNED_FOR_IPHONE_IPAD = YES;
				SWIFT_EMIT_LOC_STRINGS = YES;
				SWIFT_VERSION = 5.0;
				TARGETED_DEVICE_FAMILY = 1;
			};
			name = Debug;
		};
		ABD938E42AE677FF00C4F1D4 /* Release */ = {
			isa = XCBuildConfiguration;
			buildSettings = {
				ASSETCATALOG_COMPILER_APPICON_NAME = AppIcon;
				ASSETCATALOG_COMPILER_GLOBAL_ACCENT_COLOR_NAME = AccentColor;
				CODE_SIGN_STYLE = Automatic;
				CURRENT_PROJECT_VERSION = 1;
				DEVELOPMENT_TEAM = HJ7BA57AS7;
				GENERATE_INFOPLIST_FILE = YES;
				INFOPLIST_FILE = PianoApp3/Info.plist;
				INFOPLIST_KEY_UIApplicationSupportsIndirectInputEvents = YES;
				INFOPLIST_KEY_UILaunchStoryboardName = LaunchScreen;
				INFOPLIST_KEY_UIMainStoryboardFile = Main;
				INFOPLIST_KEY_UISupportedInterfaceOrientations = "UIInterfaceOrientationLandscapeLeft UIInterfaceOrientationLandscapeRight";
				LD_RUNPATH_SEARCH_PATHS = (
					"$(inherited)",
					"@executable_path/Frameworks",
				);
				MARKETING_VERSION = 1.0;
				PRODUCT_BUNDLE_IDENTIFIER = jp.techacademy.jou.oonishi.PianoApp3;
				PRODUCT_NAME = "$(TARGET_NAME)";
				SUPPORTED_PLATFORMS = "iphoneos iphonesimulator";
				SUPPORTS_MACCATALYST = NO;
				SUPPORTS_MAC_DESIGNED_FOR_IPHONE_IPAD = YES;
				SWIFT_EMIT_LOC_STRINGS = YES;
				SWIFT_VERSION = 5.0;
				TARGETED_DEVICE_FAMILY = 1;
			};
			name = Release;
		};
/* End XCBuildConfiguration section */

/* Begin XCConfigurationList section */
		ABD938C92AE677FE00C4F1D4 /* Build configuration list for PBXProject "PianoApp3" */ = {
			isa = XCConfigurationList;
			buildConfigurations = (
				ABD938E02AE677FF00C4F1D4 /* Debug */,
				ABD938E12AE677FF00C4F1D4 /* Release */,
			);
			defaultConfigurationIsVisible = 0;
			defaultConfigurationName = Release;
		};
		ABD938E22AE677FF00C4F1D4 /* Build configuration list for PBXNativeTarget "PianoApp3" */ = {
			isa = XCConfigurationList;
			buildConfigurations = (
				ABD938E32AE677FF00C4F1D4 /* Debug */,
				ABD938E42AE677FF00C4F1D4 /* Release */,
			);
			defaultConfigurationIsVisible = 0;
			defaultConfigurationName = Release;
		};
/* End XCConfigurationList section */
	};
	rootObject = ABD938C62AE677FE00C4F1D4 /* Project object */;
}
